
Microsoft Visual Studio Solution File, Format Version 12.00
# Visual Studio Version 17
VisualStudioVersion = 17.5.33530.505
MinimumVisualStudioVersion = 10.0.40219.1
Project("{FAE04EC0-301F-11D3-BF4B-00C04F79EFBC}") = "PortafolioMALH2", "PortafolioMALH2\PortafolioMALH2.csproj", "{522B253F-328A-48F5-B23B-B57951514FAB}"
EndProject
Global
	GlobalSection(SolutionConfigurationPlatforms) = preSolution
		Debug|Any CPU = Debug|Any CPU
		Release|Any CPU = Release|Any CPU
	EndGlobalSection
	GlobalSection(ProjectConfigurationPlatforms) = postSolution
		{522B253F-328A-48F5-B23B-B57951514FAB}.Debug|Any CPU.ActiveCfg = Debug|Any CPU
		{522B253F-328A-48F5-B23B-B57951514FAB}.Debug|Any CPU.Build.0 = Debug|Any CPU
		{522B253F-328A-48F5-B23B-B57951514FAB}.Release|Any CPU.ActiveCfg = Release|Any CPU
		{522B253F-328A-48F5-B23B-B57951514FAB}.Release|Any CPU.Build.0 = Release|Any CPU
	EndGlobalSection
	GlobalSection(SolutionProperties) = preSolution
		HideSolutionNode = FALSE
	EndGlobalSection
	GlobalSection(ExtensibilityGlobals) = postSolution
		SolutionGuid = {ABD7CAF0-4003-4FCC-AB81-F94D1D92C983}
	EndGlobalSection
EndGlobal
